
Microsoft Visual Studio Solution File, Format Version 12.00
# Visual Studio Version 17
VisualStudioVersion = 17.13.35931.197 d17.13
MinimumVisualStudioVersion = 10.0.40219.1
Project("{FAE04EC0-301F-11D3-BF4B-00C04F79EFBC}") = "lesson19", "lesson19\lesson19.csproj", "{A513C6A6-F687-4513-AC1C-640BA2D496BA}"
EndProject
Project("{FAE04EC0-301F-11D3-BF4B-00C04F79EFBC}") = "lessoon18", "lessoon18\lessoon18.csproj", "{3620F4C3-02CE-44F8-B72A-299B00B5DCA9}"
EndProject
Global
	GlobalSection(SolutionConfigurationPlatforms) = preSolution
		Debug|Any CPU = Debug|Any CPU
		Release|Any CPU = Release|Any CPU
	EndGlobalSection
	GlobalSection(ProjectConfigurationPlatforms) = postSolution
		{A513C6A6-F687-4513-AC1C-640BA2D496BA}.Debug|Any CPU.ActiveCfg = Debug|Any CPU
		{A513C6A6-F687-4513-AC1C-640BA2D496BA}.Debug|Any CPU.Build.0 = Debug|Any CPU
		{A513C6A6-F687-4513-AC1C-640BA2D496BA}.Release|Any CPU.ActiveCfg = Release|Any CPU
		{A513C6A6-F687-4513-AC1C-640BA2D496BA}.Release|Any CPU.Build.0 = Release|Any CPU
		{3620F4C3-02CE-44F8-B72A-299B00B5DCA9}.Debug|Any CPU.ActiveCfg = Debug|Any CPU
		{3620F4C3-02CE-44F8-B72A-299B00B5DCA9}.Debug|Any CPU.Build.0 = Debug|Any CPU
		{3620F4C3-02CE-44F8-B72A-299B00B5DCA9}.Release|Any CPU.ActiveCfg = Release|Any CPU
		{3620F4C3-02CE-44F8-B72A-299B00B5DCA9}.Release|Any CPU.Build.0 = Release|Any CPU
	EndGlobalSection
	GlobalSection(SolutionProperties) = preSolution
		HideSolutionNode = FALSE
	EndGlobalSection
	GlobalSection(ExtensibilityGlobals) = postSolution
		SolutionGuid = {DF418CEB-4B26-40C1-83E5-DDE0CA00E453}
	EndGlobalSection
EndGlobal
