
Microsoft Visual Studio Solution File, Format Version 12.00
# Visual Studio Version 17
VisualStudioVersion = 17.14.36603.0 d17.14
MinimumVisualStudioVersion = 10.0.40219.1
Project("{FAE04EC0-301F-11D3-BF4B-00C04F79EFBC}") = "lesson53", "lesson53\lesson53.csproj", "{E5337046-5FD3-47A1-A4ED-469573320252}"
EndProject
Global
	GlobalSection(SolutionConfigurationPlatforms) = preSolution
		Debug|Any CPU = Debug|Any CPU
		Release|Any CPU = Release|Any CPU
	EndGlobalSection
	GlobalSection(ProjectConfigurationPlatforms) = postSolution
		{E5337046-5FD3-47A1-A4ED-469573320252}.Debug|Any CPU.ActiveCfg = Debug|Any CPU
		{E5337046-5FD3-47A1-A4ED-469573320252}.Debug|Any CPU.Build.0 = Debug|Any CPU
		{E5337046-5FD3-47A1-A4ED-469573320252}.Release|Any CPU.ActiveCfg = Release|Any CPU
		{E5337046-5FD3-47A1-A4ED-469573320252}.Release|Any CPU.Build.0 = Release|Any CPU
	EndGlobalSection
	GlobalSection(SolutionProperties) = preSolution
		HideSolutionNode = FALSE
	EndGlobalSection
	GlobalSection(ExtensibilityGlobals) = postSolution
		SolutionGuid = {0AE75BD7-D165-4920-8DC4-A8A97394464D}
	EndGlobalSection
EndGlobal
