
Microsoft Visual Studio Solution File, Format Version 12.00
# Visual Studio Version 17
VisualStudioVersion = 17.14.36603.0 d17.14
MinimumVisualStudioVersion = 10.0.40219.1
Project("{FAE04EC0-301F-11D3-BF4B-00C04F79EFBC}") = "lesson30", "lesson30\lesson30.csproj", "{F3F55BCE-BB33-41CE-A800-E770681D4F3B}"
EndProject
Global
	GlobalSection(SolutionConfigurationPlatforms) = preSolution
		Debug|Any CPU = Debug|Any CPU
		Release|Any CPU = Release|Any CPU
	EndGlobalSection
	GlobalSection(ProjectConfigurationPlatforms) = postSolution
		{F3F55BCE-BB33-41CE-A800-E770681D4F3B}.Debug|Any CPU.ActiveCfg = Debug|Any CPU
		{F3F55BCE-BB33-41CE-A800-E770681D4F3B}.Debug|Any CPU.Build.0 = Debug|Any CPU
		{F3F55BCE-BB33-41CE-A800-E770681D4F3B}.Release|Any CPU.ActiveCfg = Release|Any CPU
		{F3F55BCE-BB33-41CE-A800-E770681D4F3B}.Release|Any CPU.Build.0 = Release|Any CPU
	EndGlobalSection
	GlobalSection(SolutionProperties) = preSolution
		HideSolutionNode = FALSE
	EndGlobalSection
	GlobalSection(ExtensibilityGlobals) = postSolution
		SolutionGuid = {F81ECEB7-C919-4103-AC0A-BF11B2583865}
	EndGlobalSection
EndGlobal
