
Microsoft Visual Studio Solution File, Format Version 12.00
# Visual Studio Version 17
VisualStudioVersion = 17.14.36603.0 d17.14
MinimumVisualStudioVersion = 10.0.40219.1
Project("{FAE04EC0-301F-11D3-BF4B-00C04F79EFBC}") = "lesson50", "lesson50\lesson50.csproj", "{E409A94E-ED71-491C-8431-1275C0BD9031}"
EndProject
Global
	GlobalSection(SolutionConfigurationPlatforms) = preSolution
		Debug|Any CPU = Debug|Any CPU
		Release|Any CPU = Release|Any CPU
	EndGlobalSection
	GlobalSection(ProjectConfigurationPlatforms) = postSolution
		{E409A94E-ED71-491C-8431-1275C0BD9031}.Debug|Any CPU.ActiveCfg = Debug|Any CPU
		{E409A94E-ED71-491C-8431-1275C0BD9031}.Debug|Any CPU.Build.0 = Debug|Any CPU
		{E409A94E-ED71-491C-8431-1275C0BD9031}.Release|Any CPU.ActiveCfg = Release|Any CPU
		{E409A94E-ED71-491C-8431-1275C0BD9031}.Release|Any CPU.Build.0 = Release|Any CPU
	EndGlobalSection
	GlobalSection(SolutionProperties) = preSolution
		HideSolutionNode = FALSE
	EndGlobalSection
	GlobalSection(ExtensibilityGlobals) = postSolution
		SolutionGuid = {14204E51-4BAD-4DE7-941D-C2F387AE2C86}
	EndGlobalSection
EndGlobal
