
Microsoft Visual Studio Solution File, Format Version 12.00
# Visual Studio Version 17
VisualStudioVersion = 17.14.36603.0 d17.14
MinimumVisualStudioVersion = 10.0.40219.1
Project("{FAE04EC0-301F-11D3-BF4B-00C04F79EFBC}") = "lesson34", "lesson34\lesson34.csproj", "{9DBF9E54-8A4F-4A05-B9F6-A240A385A98D}"
EndProject
Global
	GlobalSection(SolutionConfigurationPlatforms) = preSolution
		Debug|Any CPU = Debug|Any CPU
		Release|Any CPU = Release|Any CPU
	EndGlobalSection
	GlobalSection(ProjectConfigurationPlatforms) = postSolution
		{9DBF9E54-8A4F-4A05-B9F6-A240A385A98D}.Debug|Any CPU.ActiveCfg = Debug|Any CPU
		{9DBF9E54-8A4F-4A05-B9F6-A240A385A98D}.Debug|Any CPU.Build.0 = Debug|Any CPU
		{9DBF9E54-8A4F-4A05-B9F6-A240A385A98D}.Release|Any CPU.ActiveCfg = Release|Any CPU
		{9DBF9E54-8A4F-4A05-B9F6-A240A385A98D}.Release|Any CPU.Build.0 = Release|Any CPU
	EndGlobalSection
	GlobalSection(SolutionProperties) = preSolution
		HideSolutionNode = FALSE
	EndGlobalSection
	GlobalSection(ExtensibilityGlobals) = postSolution
		SolutionGuid = {55D7D113-863F-4D67-BB3E-26FF74D899AE}
	EndGlobalSection
EndGlobal
