
Microsoft Visual Studio Solution File, Format Version 12.00
# Visual Studio Version 17
VisualStudioVersion = 17.14.36603.0 d17.14
MinimumVisualStudioVersion = 10.0.40219.1
Project("{FAE04EC0-301F-11D3-BF4B-00C04F79EFBC}") = "lesson 29", "lesson 29\lesson 29.csproj", "{6239646C-05AC-4272-870C-F77AD78E192B}"
EndProject
Global
	GlobalSection(SolutionConfigurationPlatforms) = preSolution
		Debug|Any CPU = Debug|Any CPU
		Release|Any CPU = Release|Any CPU
	EndGlobalSection
	GlobalSection(ProjectConfigurationPlatforms) = postSolution
		{6239646C-05AC-4272-870C-F77AD78E192B}.Debug|Any CPU.ActiveCfg = Debug|Any CPU
		{6239646C-05AC-4272-870C-F77AD78E192B}.Debug|Any CPU.Build.0 = Debug|Any CPU
		{6239646C-05AC-4272-870C-F77AD78E192B}.Release|Any CPU.ActiveCfg = Release|Any CPU
		{6239646C-05AC-4272-870C-F77AD78E192B}.Release|Any CPU.Build.0 = Release|Any CPU
	EndGlobalSection
	GlobalSection(SolutionProperties) = preSolution
		HideSolutionNode = FALSE
	EndGlobalSection
	GlobalSection(ExtensibilityGlobals) = postSolution
		SolutionGuid = {1C108993-F976-42D1-A569-DD762A94E6C6}
	EndGlobalSection
EndGlobal
