
Microsoft Visual Studio Solution File, Format Version 12.00
# Visual Studio Version 17
VisualStudioVersion = 17.14.36603.0 d17.14
MinimumVisualStudioVersion = 10.0.40219.1
Project("{FAE04EC0-301F-11D3-BF4B-00C04F79EFBC}") = "lesson54", "lesson54\lesson54.csproj", "{29F5E2F6-3ED6-45C4-8DE4-D834A593B18F}"
EndProject
Global
	GlobalSection(SolutionConfigurationPlatforms) = preSolution
		Debug|Any CPU = Debug|Any CPU
		Release|Any CPU = Release|Any CPU
	EndGlobalSection
	GlobalSection(ProjectConfigurationPlatforms) = postSolution
		{29F5E2F6-3ED6-45C4-8DE4-D834A593B18F}.Debug|Any CPU.ActiveCfg = Debug|Any CPU
		{29F5E2F6-3ED6-45C4-8DE4-D834A593B18F}.Debug|Any CPU.Build.0 = Debug|Any CPU
		{29F5E2F6-3ED6-45C4-8DE4-D834A593B18F}.Release|Any CPU.ActiveCfg = Release|Any CPU
		{29F5E2F6-3ED6-45C4-8DE4-D834A593B18F}.Release|Any CPU.Build.0 = Release|Any CPU
	EndGlobalSection
	GlobalSection(SolutionProperties) = preSolution
		HideSolutionNode = FALSE
	EndGlobalSection
	GlobalSection(ExtensibilityGlobals) = postSolution
		SolutionGuid = {50940B9D-DDC8-4CAD-9F0D-F7980EAD7200}
	EndGlobalSection
EndGlobal
