
Microsoft Visual Studio Solution File, Format Version 12.00
# Visual Studio Version 17
VisualStudioVersion = 17.13.35931.197 d17.13
MinimumVisualStudioVersion = 10.0.40219.1
Project("{FAE04EC0-301F-11D3-BF4B-00C04F79EFBC}") = "lesson17", "lesson17\lesson17.csproj", "{07667DEF-AF21-44E2-A435-11DDD8EA4904}"
EndProject
Global
	GlobalSection(SolutionConfigurationPlatforms) = preSolution
		Debug|Any CPU = Debug|Any CPU
		Release|Any CPU = Release|Any CPU
	EndGlobalSection
	GlobalSection(ProjectConfigurationPlatforms) = postSolution
		{07667DEF-AF21-44E2-A435-11DDD8EA4904}.Debug|Any CPU.ActiveCfg = Debug|Any CPU
		{07667DEF-AF21-44E2-A435-11DDD8EA4904}.Debug|Any CPU.Build.0 = Debug|Any CPU
		{07667DEF-AF21-44E2-A435-11DDD8EA4904}.Release|Any CPU.ActiveCfg = Release|Any CPU
		{07667DEF-AF21-44E2-A435-11DDD8EA4904}.Release|Any CPU.Build.0 = Release|Any CPU
	EndGlobalSection
	GlobalSection(SolutionProperties) = preSolution
		HideSolutionNode = FALSE
	EndGlobalSection
	GlobalSection(ExtensibilityGlobals) = postSolution
		SolutionGuid = {AA93B700-FD04-4026-811E-9945D774B0F2}
	EndGlobalSection
EndGlobal
