
Microsoft Visual Studio Solution File, Format Version 12.00
# Visual Studio Version 17
VisualStudioVersion = 17.13.35931.197 d17.13
MinimumVisualStudioVersion = 10.0.40219.1
Project("{FAE04EC0-301F-11D3-BF4B-00C04F79EFBC}") = "lesson13", "lesson13\lesson13.csproj", "{70768CBB-7BCF-44B6-B9BE-C779568A71D3}"
EndProject
Global
	GlobalSection(SolutionConfigurationPlatforms) = preSolution
		Debug|Any CPU = Debug|Any CPU
		Release|Any CPU = Release|Any CPU
	EndGlobalSection
	GlobalSection(ProjectConfigurationPlatforms) = postSolution
		{70768CBB-7BCF-44B6-B9BE-C779568A71D3}.Debug|Any CPU.ActiveCfg = Debug|Any CPU
		{70768CBB-7BCF-44B6-B9BE-C779568A71D3}.Debug|Any CPU.Build.0 = Debug|Any CPU
		{70768CBB-7BCF-44B6-B9BE-C779568A71D3}.Release|Any CPU.ActiveCfg = Release|Any CPU
		{70768CBB-7BCF-44B6-B9BE-C779568A71D3}.Release|Any CPU.Build.0 = Release|Any CPU
	EndGlobalSection
	GlobalSection(SolutionProperties) = preSolution
		HideSolutionNode = FALSE
	EndGlobalSection
	GlobalSection(ExtensibilityGlobals) = postSolution
		SolutionGuid = {EE195A5B-64E0-4DDC-A733-CBEF7EE91852}
	EndGlobalSection
EndGlobal
