
Microsoft Visual Studio Solution File, Format Version 12.00
# Visual Studio Version 17
VisualStudioVersion = 17.13.35931.197 d17.13
MinimumVisualStudioVersion = 10.0.40219.1
Project("{FAE04EC0-301F-11D3-BF4B-00C04F79EFBC}") = "lesson7", "lesson7\lesson7.csproj", "{C31EC814-5144-4EDD-95E2-EAE854AD3110}"
EndProject
Global
	GlobalSection(SolutionConfigurationPlatforms) = preSolution
		Debug|Any CPU = Debug|Any CPU
		Release|Any CPU = Release|Any CPU
	EndGlobalSection
	GlobalSection(ProjectConfigurationPlatforms) = postSolution
		{C31EC814-5144-4EDD-95E2-EAE854AD3110}.Debug|Any CPU.ActiveCfg = Debug|Any CPU
		{C31EC814-5144-4EDD-95E2-EAE854AD3110}.Debug|Any CPU.Build.0 = Debug|Any CPU
		{C31EC814-5144-4EDD-95E2-EAE854AD3110}.Release|Any CPU.ActiveCfg = Release|Any CPU
		{C31EC814-5144-4EDD-95E2-EAE854AD3110}.Release|Any CPU.Build.0 = Release|Any CPU
	EndGlobalSection
	GlobalSection(SolutionProperties) = preSolution
		HideSolutionNode = FALSE
	EndGlobalSection
	GlobalSection(ExtensibilityGlobals) = postSolution
		SolutionGuid = {69F90B1A-A7E8-4D68-9B25-9D834324DAE7}
	EndGlobalSection
EndGlobal
