
Microsoft Visual Studio Solution File, Format Version 12.00
# Visual Studio Version 17
VisualStudioVersion = 17.14.36603.0 d17.14
MinimumVisualStudioVersion = 10.0.40219.1
Project("{FAE04EC0-301F-11D3-BF4B-00C04F79EFBC}") = "Lesson 26", "Lesson 26\Lesson 26.csproj", "{E80B22B5-34C9-4FC0-8ACD-8008CE83BFB0}"
EndProject
Global
	GlobalSection(SolutionConfigurationPlatforms) = preSolution
		Debug|Any CPU = Debug|Any CPU
		Release|Any CPU = Release|Any CPU
	EndGlobalSection
	GlobalSection(ProjectConfigurationPlatforms) = postSolution
		{E80B22B5-34C9-4FC0-8ACD-8008CE83BFB0}.Debug|Any CPU.ActiveCfg = Debug|Any CPU
		{E80B22B5-34C9-4FC0-8ACD-8008CE83BFB0}.Debug|Any CPU.Build.0 = Debug|Any CPU
		{E80B22B5-34C9-4FC0-8ACD-8008CE83BFB0}.Release|Any CPU.ActiveCfg = Release|Any CPU
		{E80B22B5-34C9-4FC0-8ACD-8008CE83BFB0}.Release|Any CPU.Build.0 = Release|Any CPU
	EndGlobalSection
	GlobalSection(SolutionProperties) = preSolution
		HideSolutionNode = FALSE
	EndGlobalSection
	GlobalSection(ExtensibilityGlobals) = postSolution
		SolutionGuid = {0D82A49F-197B-4268-9759-69633B1713A5}
	EndGlobalSection
EndGlobal
