
Microsoft Visual Studio Solution File, Format Version 12.00
# Visual Studio Version 17
VisualStudioVersion = 17.14.36603.0 d17.14
MinimumVisualStudioVersion = 10.0.40219.1
Project("{FAE04EC0-301F-11D3-BF4B-00C04F79EFBC}") = "lesson43", "lesson43\lesson43.csproj", "{21151798-276C-48AD-984F-F35DEC3E8364}"
EndProject
Global
	GlobalSection(SolutionConfigurationPlatforms) = preSolution
		Debug|Any CPU = Debug|Any CPU
		Release|Any CPU = Release|Any CPU
	EndGlobalSection
	GlobalSection(ProjectConfigurationPlatforms) = postSolution
		{21151798-276C-48AD-984F-F35DEC3E8364}.Debug|Any CPU.ActiveCfg = Debug|Any CPU
		{21151798-276C-48AD-984F-F35DEC3E8364}.Debug|Any CPU.Build.0 = Debug|Any CPU
		{21151798-276C-48AD-984F-F35DEC3E8364}.Release|Any CPU.ActiveCfg = Release|Any CPU
		{21151798-276C-48AD-984F-F35DEC3E8364}.Release|Any CPU.Build.0 = Release|Any CPU
	EndGlobalSection
	GlobalSection(SolutionProperties) = preSolution
		HideSolutionNode = FALSE
	EndGlobalSection
	GlobalSection(ExtensibilityGlobals) = postSolution
		SolutionGuid = {0DD2C9AF-8E67-4F94-92BA-78C0BC10918C}
	EndGlobalSection
EndGlobal
