
Microsoft Visual Studio Solution File, Format Version 12.00
# Visual Studio Version 17
VisualStudioVersion = 17.14.36603.0 d17.14
MinimumVisualStudioVersion = 10.0.40219.1
Project("{FAE04EC0-301F-11D3-BF4B-00C04F79EFBC}") = "lesson25", "lesson25\lesson25.csproj", "{46C56381-488D-4585-B504-952205365872}"
EndProject
Global
	GlobalSection(SolutionConfigurationPlatforms) = preSolution
		Debug|Any CPU = Debug|Any CPU
		Release|Any CPU = Release|Any CPU
	EndGlobalSection
	GlobalSection(ProjectConfigurationPlatforms) = postSolution
		{46C56381-488D-4585-B504-952205365872}.Debug|Any CPU.ActiveCfg = Debug|Any CPU
		{46C56381-488D-4585-B504-952205365872}.Debug|Any CPU.Build.0 = Debug|Any CPU
		{46C56381-488D-4585-B504-952205365872}.Release|Any CPU.ActiveCfg = Release|Any CPU
		{46C56381-488D-4585-B504-952205365872}.Release|Any CPU.Build.0 = Release|Any CPU
	EndGlobalSection
	GlobalSection(SolutionProperties) = preSolution
		HideSolutionNode = FALSE
	EndGlobalSection
	GlobalSection(ExtensibilityGlobals) = postSolution
		SolutionGuid = {F9265E63-E1C6-417C-9993-25A3080EA27A}
	EndGlobalSection
EndGlobal
