
Microsoft Visual Studio Solution File, Format Version 12.00
# Visual Studio Version 17
VisualStudioVersion = 17.14.36603.0 d17.14
MinimumVisualStudioVersion = 10.0.40219.1
Project("{FAE04EC0-301F-11D3-BF4B-00C04F79EFBC}") = "lesson 49", "lesson 49\lesson 49.csproj", "{78D5D1B6-FA0E-4B8F-836A-7496134B85E4}"
EndProject
Global
	GlobalSection(SolutionConfigurationPlatforms) = preSolution
		Debug|Any CPU = Debug|Any CPU
		Release|Any CPU = Release|Any CPU
	EndGlobalSection
	GlobalSection(ProjectConfigurationPlatforms) = postSolution
		{78D5D1B6-FA0E-4B8F-836A-7496134B85E4}.Debug|Any CPU.ActiveCfg = Debug|Any CPU
		{78D5D1B6-FA0E-4B8F-836A-7496134B85E4}.Debug|Any CPU.Build.0 = Debug|Any CPU
		{78D5D1B6-FA0E-4B8F-836A-7496134B85E4}.Release|Any CPU.ActiveCfg = Release|Any CPU
		{78D5D1B6-FA0E-4B8F-836A-7496134B85E4}.Release|Any CPU.Build.0 = Release|Any CPU
	EndGlobalSection
	GlobalSection(SolutionProperties) = preSolution
		HideSolutionNode = FALSE
	EndGlobalSection
	GlobalSection(ExtensibilityGlobals) = postSolution
		SolutionGuid = {EA1D2694-96AA-4349-B876-C1FEC96BE523}
	EndGlobalSection
EndGlobal
