
Microsoft Visual Studio Solution File, Format Version 12.00
# Visual Studio Version 17
VisualStudioVersion = 17.14.36603.0 d17.14
MinimumVisualStudioVersion = 10.0.40219.1
Project("{FAE04EC0-301F-11D3-BF4B-00C04F79EFBC}") = "lesson 28", "lesson 28\lesson 28.csproj", "{1D2402C6-F1D7-43CC-A55D-54E5E5700B7F}"
EndProject
Global
	GlobalSection(SolutionConfigurationPlatforms) = preSolution
		Debug|Any CPU = Debug|Any CPU
		Release|Any CPU = Release|Any CPU
	EndGlobalSection
	GlobalSection(ProjectConfigurationPlatforms) = postSolution
		{1D2402C6-F1D7-43CC-A55D-54E5E5700B7F}.Debug|Any CPU.ActiveCfg = Debug|Any CPU
		{1D2402C6-F1D7-43CC-A55D-54E5E5700B7F}.Debug|Any CPU.Build.0 = Debug|Any CPU
		{1D2402C6-F1D7-43CC-A55D-54E5E5700B7F}.Release|Any CPU.ActiveCfg = Release|Any CPU
		{1D2402C6-F1D7-43CC-A55D-54E5E5700B7F}.Release|Any CPU.Build.0 = Release|Any CPU
	EndGlobalSection
	GlobalSection(SolutionProperties) = preSolution
		HideSolutionNode = FALSE
	EndGlobalSection
	GlobalSection(ExtensibilityGlobals) = postSolution
		SolutionGuid = {52BA5A2F-BE7C-44AF-9D40-B94A4E7D5D1E}
	EndGlobalSection
EndGlobal
