
Microsoft Visual Studio Solution File, Format Version 12.00
# Visual Studio Version 17
VisualStudioVersion = 17.14.36603.0 d17.14
MinimumVisualStudioVersion = 10.0.40219.1
Project("{FAE04EC0-301F-11D3-BF4B-00C04F79EFBC}") = "lesson47", "lesson47\lesson47.csproj", "{9357A78B-21A7-48E0-9BE9-B1C62989D6B9}"
EndProject
Global
	GlobalSection(SolutionConfigurationPlatforms) = preSolution
		Debug|Any CPU = Debug|Any CPU
		Release|Any CPU = Release|Any CPU
	EndGlobalSection
	GlobalSection(ProjectConfigurationPlatforms) = postSolution
		{9357A78B-21A7-48E0-9BE9-B1C62989D6B9}.Debug|Any CPU.ActiveCfg = Debug|Any CPU
		{9357A78B-21A7-48E0-9BE9-B1C62989D6B9}.Debug|Any CPU.Build.0 = Debug|Any CPU
		{9357A78B-21A7-48E0-9BE9-B1C62989D6B9}.Release|Any CPU.ActiveCfg = Release|Any CPU
		{9357A78B-21A7-48E0-9BE9-B1C62989D6B9}.Release|Any CPU.Build.0 = Release|Any CPU
	EndGlobalSection
	GlobalSection(SolutionProperties) = preSolution
		HideSolutionNode = FALSE
	EndGlobalSection
	GlobalSection(ExtensibilityGlobals) = postSolution
		SolutionGuid = {F6855DEF-DB12-4411-A2F5-5839746E7487}
	EndGlobalSection
EndGlobal
