
Microsoft Visual Studio Solution File, Format Version 12.00
# Visual Studio Version 17
VisualStudioVersion = 17.13.35931.197 d17.13
MinimumVisualStudioVersion = 10.0.40219.1
Project("{FAE04EC0-301F-11D3-BF4B-00C04F79EFBC}") = "ltsson9", "ltsson9\ltsson9.csproj", "{89C3C239-786C-4810-A0B8-E7281099D339}"
EndProject
Global
	GlobalSection(SolutionConfigurationPlatforms) = preSolution
		Debug|Any CPU = Debug|Any CPU
		Release|Any CPU = Release|Any CPU
	EndGlobalSection
	GlobalSection(ProjectConfigurationPlatforms) = postSolution
		{89C3C239-786C-4810-A0B8-E7281099D339}.Debug|Any CPU.ActiveCfg = Debug|Any CPU
		{89C3C239-786C-4810-A0B8-E7281099D339}.Debug|Any CPU.Build.0 = Debug|Any CPU
		{89C3C239-786C-4810-A0B8-E7281099D339}.Release|Any CPU.ActiveCfg = Release|Any CPU
		{89C3C239-786C-4810-A0B8-E7281099D339}.Release|Any CPU.Build.0 = Release|Any CPU
	EndGlobalSection
	GlobalSection(SolutionProperties) = preSolution
		HideSolutionNode = FALSE
	EndGlobalSection
	GlobalSection(ExtensibilityGlobals) = postSolution
		SolutionGuid = {2F5CBA85-B825-4639-A68D-13796BBD69F1}
	EndGlobalSection
EndGlobal
