
Microsoft Visual Studio Solution File, Format Version 12.00
# Visual Studio Version 17
VisualStudioVersion = 17.13.35931.197 d17.13
MinimumVisualStudioVersion = 10.0.40219.1
Project("{FAE04EC0-301F-11D3-BF4B-00C04F79EFBC}") = "dz №4", "dz №4\dz №4.csproj", "{9E15DFF8-8FF0-4AA3-9F97-543E18B4A94E}"
EndProject
Global
	GlobalSection(SolutionConfigurationPlatforms) = preSolution
		Debug|Any CPU = Debug|Any CPU
		Release|Any CPU = Release|Any CPU
	EndGlobalSection
	GlobalSection(ProjectConfigurationPlatforms) = postSolution
		{9E15DFF8-8FF0-4AA3-9F97-543E18B4A94E}.Debug|Any CPU.ActiveCfg = Debug|Any CPU
		{9E15DFF8-8FF0-4AA3-9F97-543E18B4A94E}.Debug|Any CPU.Build.0 = Debug|Any CPU
		{9E15DFF8-8FF0-4AA3-9F97-543E18B4A94E}.Release|Any CPU.ActiveCfg = Release|Any CPU
		{9E15DFF8-8FF0-4AA3-9F97-543E18B4A94E}.Release|Any CPU.Build.0 = Release|Any CPU
	EndGlobalSection
	GlobalSection(SolutionProperties) = preSolution
		HideSolutionNode = FALSE
	EndGlobalSection
	GlobalSection(ExtensibilityGlobals) = postSolution
		SolutionGuid = {7760BAD2-9225-458C-8665-57AF6D062661}
	EndGlobalSection
EndGlobal
